
Microsoft Visual Studio Solution File, Format Version 12.00
# Visual Studio Version 17
VisualStudioVersion = 17.4.33110.190
MinimumVisualStudioVersion = 10.0.40219.1
Project("{FAE04EC0-301F-11D3-BF4B-00C04F79EFBC}") = "TicariOtomasyonGP", "TicariOtomasyonGP\TicariOtomasyonGP.csproj", "{456B4C34-9D2D-4C42-A9DB-83FB2642AC10}"
EndProject
Global
	GlobalSection(SolutionConfigurationPlatforms) = preSolution
		Debug|Any CPU = Debug|Any CPU
		Release|Any CPU = Release|Any CPU
	EndGlobalSection
	GlobalSection(ProjectConfigurationPlatforms) = postSolution
		{456B4C34-9D2D-4C42-A9DB-83FB2642AC10}.Debug|Any CPU.ActiveCfg = Debug|Any CPU
		{456B4C34-9D2D-4C42-A9DB-83FB2642AC10}.Debug|Any CPU.Build.0 = Debug|Any CPU
		{456B4C34-9D2D-4C42-A9DB-83FB2642AC10}.Release|Any CPU.ActiveCfg = Release|Any CPU
		{456B4C34-9D2D-4C42-A9DB-83FB2642AC10}.Release|Any CPU.Build.0 = Release|Any CPU
	EndGlobalSection
	GlobalSection(SolutionProperties) = preSolution
		HideSolutionNode = FALSE
	EndGlobalSection
	GlobalSection(ExtensibilityGlobals) = postSolution
		SolutionGuid = {3BAD7BFA-3F0C-4BB9-AD7C-C140980F4C1F}
	EndGlobalSection
EndGlobal
